
Microsoft Visual Studio Solution File, Format Version 12.00
# Visual Studio Version 16
VisualStudioVersion = 16.0.30717.126
MinimumVisualStudioVersion = 10.0.40219.1
Project("{FAE04EC0-301F-11D3-BF4B-00C04F79EFBC}") = "practice", "practice\practice.csproj", "{ABDA4949-4867-4510-96A0-23A95916DCBE}"
EndProject
Global
	GlobalSection(SolutionConfigurationPlatforms) = preSolution
		Debug|Any CPU = Debug|Any CPU
		Release|Any CPU = Release|Any CPU
	EndGlobalSection
	GlobalSection(ProjectConfigurationPlatforms) = postSolution
		{ABDA4949-4867-4510-96A0-23A95916DCBE}.Debug|Any CPU.ActiveCfg = Debug|Any CPU
		{ABDA4949-4867-4510-96A0-23A95916DCBE}.Debug|Any CPU.Build.0 = Debug|Any CPU
		{ABDA4949-4867-4510-96A0-23A95916DCBE}.Release|Any CPU.ActiveCfg = Release|Any CPU
		{ABDA4949-4867-4510-96A0-23A95916DCBE}.Release|Any CPU.Build.0 = Release|Any CPU
	EndGlobalSection
	GlobalSection(SolutionProperties) = preSolution
		HideSolutionNode = FALSE
	EndGlobalSection
	GlobalSection(ExtensibilityGlobals) = postSolution
		SolutionGuid = {8FBDD81C-64D6-4633-908F-15A9B46EB5E5}
	EndGlobalSection
EndGlobal
